// !$*UTF8*$!
{
	archiveVersion = 1;
	classes = {
	};
	objectVersion = 50;
	objects = {

/* Begin PBXBuildFile section */
		5B6D61F2259EDE42000C599B /* Expression.swift in Sources */ = {isa = PBXBuildFile; fileRef = 5B6D61F1259EDE42000C599B /* Expression.swift */; };
		5B6D61F5259EDEF5000C599B /* ASTPrinter.swift in Sources */ = {isa = PBXBuildFile; fileRef = 5B6D61F4259EDEF5000C599B /* ASTPrinter.swift */; };
		5B99E351259CB8F800C97C25 /* main.swift in Sources */ = {isa = PBXBuildFile; fileRef = 5B99E350259CB8F800C97C25 /* main.swift */; };
		5B99E35C259CCA9300C97C25 /* SwiftLox.swift in Sources */ = {isa = PBXBuildFile; fileRef = 5B99E35B259CCA9200C97C25 /* SwiftLox.swift */; };
		5B99E35F259CCAFE00C97C25 /* Scanner.swift in Sources */ = {isa = PBXBuildFile; fileRef = 5B99E35E259CCAFE00C97C25 /* Scanner.swift */; };
		5B99E362259CCB0C00C97C25 /* Token.swift in Sources */ = {isa = PBXBuildFile; fileRef = 5B99E361259CCB0C00C97C25 /* Token.swift */; };
		5B99E365259CCE2100C97C25 /* FileHandle+TextOutputStream.swift in Sources */ = {isa = PBXBuildFile; fileRef = 5B99E364259CCE2100C97C25 /* FileHandle+TextOutputStream.swift */; };
		5B99E36D259DDBAA00C97C25 /* Character.swift in Sources */ = {isa = PBXBuildFile; fileRef = 5B99E36C259DDBAA00C97C25 /* Character.swift */; };
/* End PBXBuildFile section */

/* Begin PBXCopyFilesBuildPhase section */
		5B99E34B259CB8F800C97C25 /* CopyFiles */ = {
			isa = PBXCopyFilesBuildPhase;
			buildActionMask = 2147483647;
			dstPath = /usr/share/man/man1/;
			dstSubfolderSpec = 0;
			files = (
			);
			runOnlyForDeploymentPostprocessing = 1;
		};
/* End PBXCopyFilesBuildPhase section */

/* Begin PBXFileReference section */
		5B6D61F1259EDE42000C599B /* Expression.swift */ = {isa = PBXFileReference; lastKnownFileType = sourcecode.swift; path = Expression.swift; sourceTree = "<group>"; };
		5B6D61F4259EDEF5000C599B /* ASTPrinter.swift */ = {isa = PBXFileReference; lastKnownFileType = sourcecode.swift; path = ASTPrinter.swift; sourceTree = "<group>"; };
		5B99E34D259CB8F800C97C25 /* SwiftLox */ = {isa = PBXFileReference; explicitFileType = "compiled.mach-o.executable"; includeInIndex = 0; path = SwiftLox; sourceTree = BUILT_PRODUCTS_DIR; };
		5B99E350259CB8F800C97C25 /* main.swift */ = {isa = PBXFileReference; lastKnownFileType = sourcecode.swift; path = main.swift; sourceTree = "<group>"; };
		5B99E35B259CCA9200C97C25 /* SwiftLox.swift */ = {isa = PBXFileReference; lastKnownFileType = sourcecode.swift; path = SwiftLox.swift; sourceTree = "<group>"; };
		5B99E35E259CCAFE00C97C25 /* Scanner.swift */ = {isa = PBXFileReference; lastKnownFileType = sourcecode.swift; path = Scanner.swift; sourceTree = "<group>"; };
		5B99E361259CCB0C00C97C25 /* Token.swift */ = {isa = PBXFileReference; lastKnownFileType = sourcecode.swift; path = Token.swift; sourceTree = "<group>"; };
		5B99E364259CCE2100C97C25 /* FileHandle+TextOutputStream.swift */ = {isa = PBXFileReference; lastKnownFileType = sourcecode.swift; path = "FileHandle+TextOutputStream.swift"; sourceTree = "<group>"; };
		5B99E36C259DDBAA00C97C25 /* Character.swift */ = {isa = PBXFileReference; lastKnownFileType = sourcecode.swift; path = Character.swift; sourceTree = "<group>"; };
/* End PBXFileReference section */

/* Begin PBXFrameworksBuildPhase section */
		5B99E34A259CB8F800C97C25 /* Frameworks */ = {
			isa = PBXFrameworksBuildPhase;
			buildActionMask = 2147483647;
			files = (
			);
			runOnlyForDeploymentPostprocessing = 0;
		};
/* End PBXFrameworksBuildPhase section */

/* Begin PBXGroup section */
		5B99E344259CB8F800C97C25 = {
			isa = PBXGroup;
			children = (
				5B99E34F259CB8F800C97C25 /* SwiftLox */,
				5B99E34E259CB8F800C97C25 /* Products */,
			);
			sourceTree = "<group>";
		};
		5B99E34E259CB8F800C97C25 /* Products */ = {
			isa = PBXGroup;
			children = (
				5B99E34D259CB8F800C97C25 /* SwiftLox */,
			);
			name = Products;
			sourceTree = "<group>";
		};
		5B99E34F259CB8F800C97C25 /* SwiftLox */ = {
			isa = PBXGroup;
			children = (
				5B99E350259CB8F800C97C25 /* main.swift */,
				5B99E35B259CCA9200C97C25 /* SwiftLox.swift */,
				5B99E35E259CCAFE00C97C25 /* Scanner.swift */,
				5B6D61F1259EDE42000C599B /* Expression.swift */,
				5B6D61F4259EDEF5000C599B /* ASTPrinter.swift */,
				5B99E36C259DDBAA00C97C25 /* Character.swift */,
				5B99E361259CCB0C00C97C25 /* Token.swift */,
				5B99E364259CCE2100C97C25 /* FileHandle+TextOutputStream.swift */,
			);
			path = SwiftLox;
			sourceTree = "<group>";
		};
/* End PBXGroup section */

/* Begin PBXNativeTarget section */
		5B99E34C259CB8F800C97C25 /* SwiftLox */ = {
			isa = PBXNativeTarget;
			buildConfigurationList = 5B99E354259CB8F800C97C25 /* Build configuration list for PBXNativeTarget "SwiftLox" */;
			buildPhases = (
				5B99E349259CB8F800C97C25 /* Sources */,
				5B99E34A259CB8F800C97C25 /* Frameworks */,
				5B99E34B259CB8F800C97C25 /* CopyFiles */,
			);
			buildRules = (
			);
			dependencies = (
			);
			name = SwiftLox;
			productName = SwiftLox;
			productReference = 5B99E34D259CB8F800C97C25 /* SwiftLox */;
			productType = "com.apple.product-type.tool";
		};
/* End PBXNativeTarget section */

/* Begin PBXProject section */
		5B99E345259CB8F800C97C25 /* Project object */ = {
			isa = PBXProject;
			attributes = {
				LastSwiftUpdateCheck = 1230;
				LastUpgradeCheck = 1230;
				TargetAttributes = {
					5B99E34C259CB8F800C97C25 = {
						CreatedOnToolsVersion = 12.3;
					};
				};
			};
			buildConfigurationList = 5B99E348259CB8F800C97C25 /* Build configuration list for PBXProject "SwiftLox" */;
			compatibilityVersion = "Xcode 9.3";
			developmentRegion = en;
			hasScannedForEncodings = 0;
			knownRegions = (
				en,
				Base,
			);
			mainGroup = 5B99E344259CB8F800C97C25;
			productRefGroup = 5B99E34E259CB8F800C97C25 /* Products */;
			projectDirPath = "";
			projectRoot = "";
			targets = (
				5B99E34C259CB8F800C97C25 /* SwiftLox */,
			);
		};
/* End PBXProject section */

/* Begin PBXSourcesBuildPhase section */
		5B99E349259CB8F800C97C25 /* Sources */ = {
			isa = PBXSourcesBuildPhase;
			buildActionMask = 2147483647;
			files = (
				5B99E365259CCE2100C97C25 /* FileHandle+TextOutputStream.swift in Sources */,
				5B99E35C259CCA9300C97C25 /* SwiftLox.swift in Sources */,
				5B99E35F259CCAFE00C97C25 /* Scanner.swift in Sources */,
				5B99E36D259DDBAA00C97C25 /* Character.swift in Sources */,
				5B99E351259CB8F800C97C25 /* main.swift in Sources */,
				5B6D61F2259EDE42000C599B /* Expression.swift in Sources */,
				5B99E362259CCB0C00C97C25 /* Token.swift in Sources */,
				5B6D61F5259EDEF5000C599B /* ASTPrinter.swift in Sources */,
			);
			runOnlyForDeploymentPostprocessing = 0;
		};
/* End PBXSourcesBuildPhase section */

/* Begin XCBuildConfiguration section */
		5B99E352259CB8F800C97C25 /* Debug */ = {
			isa = XCBuildConfiguration;
			buildSettings = {
				ALWAYS_SEARCH_USER_PATHS = NO;
				CLANG_ANALYZER_NONNULL = YES;
				CLANG_ANALYZER_NUMBER_OBJECT_CONVERSION = YES_AGGRESSIVE;
				CLANG_CXX_LANGUAGE_STANDARD = "gnu++14";
				CLANG_CXX_LIBRARY = "libc++";
				CLANG_ENABLE_MODULES = YES;
				CLANG_ENABLE_OBJC_ARC = YES;
				CLANG_ENABLE_OBJC_WEAK = YES;
				CLANG_WARN_BLOCK_CAPTURE_AUTORELEASING = YES;
				CLANG_WARN_BOOL_CONVERSION = YES;
				CLANG_WARN_COMMA = YES;
				CLANG_WARN_CONSTANT_CONVERSION = YES;
				CLANG_WARN_DEPRECATED_OBJC_IMPLEMENTATIONS = YES;
				CLANG_WARN_DIRECT_OBJC_ISA_USAGE = YES_ERROR;
				CLANG_WARN_DOCUMENTATION_COMMENTS = YES;
				CLANG_WARN_EMPTY_BODY = YES;
				CLANG_WARN_ENUM_CONVERSION = YES;
				CLANG_WARN_INFINITE_RECURSION = YES;
				CLANG_WARN_INT_CONVERSION = YES;
				CLANG_WARN_NON_LITERAL_NULL_CONVERSION = YES;
				CLANG_WARN_OBJC_IMPLICIT_RETAIN_SELF = YES;
				CLANG_WARN_OBJC_LITERAL_CONVERSION = YES;
				CLANG_WARN_OBJC_ROOT_CLASS = YES_ERROR;
				CLANG_WARN_QUOTED_INCLUDE_IN_FRAMEWORK_HEADER = YES;
				CLANG_WARN_RANGE_LOOP_ANALYSIS = YES;
				CLANG_WARN_STRICT_PROTOTYPES = YES;
				CLANG_WARN_SUSPICIOUS_MOVE = YES;
				CLANG_WARN_UNGUARDED_AVAILABILITY = YES_AGGRESSIVE;
				CLANG_WARN_UNREACHABLE_CODE = YES;
				CLANG_WARN__DUPLICATE_METHOD_MATCH = YES;
				COPY_PHASE_STRIP = NO;
				DEBUG_INFORMATION_FORMAT = dwarf;
				ENABLE_STRICT_OBJC_MSGSEND = YES;
				ENABLE_TESTABILITY = YES;
				GCC_C_LANGUAGE_STANDARD = gnu11;
				GCC_DYNAMIC_NO_PIC = NO;
				GCC_NO_COMMON_BLOCKS = YES;
				GCC_OPTIMIZATION_LEVEL = 0;
				GCC_PREPROCESSOR_DEFINITIONS = (
					"DEBUG=1",
					"$(inherited)",
				);
				GCC_WARN_64_TO_32_BIT_CONVERSION = YES;
				GCC_WARN_ABOUT_RETURN_TYPE = YES_ERROR;
				GCC_WARN_UNDECLARED_SELECTOR = YES;
				GCC_WARN_UNINITIALIZED_AUTOS = YES_AGGRESSIVE;
				GCC_WARN_UNUSED_FUNCTION = YES;
				GCC_WARN_UNUSED_VARIABLE = YES;
				MACOSX_DEPLOYMENT_TARGET = 11.1;
				MTL_ENABLE_DEBUG_INFO = INCLUDE_SOURCE;
				MTL_FAST_MATH = YES;
				ONLY_ACTIVE_ARCH = YES;
				SDKROOT = macosx;
				SWIFT_ACTIVE_COMPILATION_CONDITIONS = DEBUG;
				SWIFT_OPTIMIZATION_LEVEL = "-Onone";
			};
			name = Debug;
		};
		5B99E353259CB8F800C97C25 /* Release */ = {
			isa = XCBuildConfiguration;
			buildSettings = {
				ALWAYS_SEARCH_USER_PATHS = NO;
				CLANG_ANALYZER_NONNULL = YES;
				CLANG_ANALYZER_NUMBER_OBJECT_CONVERSION = YES_AGGRESSIVE;
				CLANG_CXX_LANGUAGE_STANDARD = "gnu++14";
				CLANG_CXX_LIBRARY = "libc++";
				CLANG_ENABLE_MODULES = YES;
				CLANG_ENABLE_OBJC_ARC = YES;
				CLANG_ENABLE_OBJC_WEAK = YES;
				CLANG_WARN_BLOCK_CAPTURE_AUTORELEASING = YES;
				CLANG_WARN_BOOL_CONVERSION = YES;
				CLANG_WARN_COMMA = YES;
				CLANG_WARN_CONSTANT_CONVERSION = YES;
				CLANG_WARN_DEPRECATED_OBJC_IMPLEMENTATIONS = YES;
				CLANG_WARN_DIRECT_OBJC_ISA_USAGE = YES_ERROR;
				CLANG_WARN_DOCUMENTATION_COMMENTS = YES;
				CLANG_WARN_EMPTY_BODY = YES;
				CLANG_WARN_ENUM_CONVERSION = YES;
				CLANG_WARN_INFINITE_RECURSION = YES;
				CLANG_WARN_INT_CONVERSION = YES;
				CLANG_WARN_NON_LITERAL_NULL_CONVERSION = YES;
				CLANG_WARN_OBJC_IMPLICIT_RETAIN_SELF = YES;
				CLANG_WARN_OBJC_LITERAL_CONVERSION = YES;
				CLANG_WARN_OBJC_ROOT_CLASS = YES_ERROR;
				CLANG_WARN_QUOTED_INCLUDE_IN_FRAMEWORK_HEADER = YES;
				CLANG_WARN_RANGE_LOOP_ANALYSIS = YES;
				CLANG_WARN_STRICT_PROTOTYPES = YES;
				CLANG_WARN_SUSPICIOUS_MOVE = YES;
				CLANG_WARN_UNGUARDED_AVAILABILITY = YES_AGGRESSIVE;
				CLANG_WARN_UNREACHABLE_CODE = YES;
				CLANG_WARN__DUPLICATE_METHOD_MATCH = YES;
				COPY_PHASE_STRIP = NO;
				DEBUG_INFORMATION_FORMAT = "dwarf-with-dsym";
				ENABLE_NS_ASSERTIONS = NO;
				ENABLE_STRICT_OBJC_MSGSEND = YES;
				GCC_C_LANGUAGE_STANDARD = gnu11;
				GCC_NO_COMMON_BLOCKS = YES;
				GCC_WARN_64_TO_32_BIT_CONVERSION = YES;
				GCC_WARN_ABOUT_RETURN_TYPE = YES_ERROR;
				GCC_WARN_UNDECLARED_SELECTOR = YES;
				GCC_WARN_UNINITIALIZED_AUTOS = YES_AGGRESSIVE;
				GCC_WARN_UNUSED_FUNCTION = YES;
				GCC_WARN_UNUSED_VARIABLE = YES;
				MACOSX_DEPLOYMENT_TARGET = 11.1;
				MTL_ENABLE_DEBUG_INFO = NO;
				MTL_FAST_MATH = YES;
				SDKROOT = macosx;
				SWIFT_COMPILATION_MODE = wholemodule;
				SWIFT_OPTIMIZATION_LEVEL = "-O";
			};
			name = Release;
		};
		5B99E355259CB8F800C97C25 /* Debug */ = {
			isa = XCBuildConfiguration;
			buildSettings = {
				CODE_SIGN_STYLE = Automatic;
				PRODUCT_NAME = "$(TARGET_NAME)";
				SWIFT_VERSION = 5.0;
			};
			name = Debug;
		};
		5B99E356259CB8F800C97C25 /* Release */ = {
			isa = XCBuildConfiguration;
			buildSettings = {
				CODE_SIGN_STYLE = Automatic;
				PRODUCT_NAME = "$(TARGET_NAME)";
				SWIFT_VERSION = 5.0;
			};
			name = Release;
		};
/* End XCBuildConfiguration section */

/* Begin XCConfigurationList section */
		5B99E348259CB8F800C97C25 /* Build configuration list for PBXProject "SwiftLox" */ = {
			isa = XCConfigurationList;
			buildConfigurations = (
				5B99E352259CB8F800C97C25 /* Debug */,
				5B99E353259CB8F800C97C25 /* Release */,
			);
			defaultConfigurationIsVisible = 0;
			defaultConfigurationName = Release;
		};
		5B99E354259CB8F800C97C25 /* Build configuration list for PBXNativeTarget "SwiftLox" */ = {
			isa = XCConfigurationList;
			buildConfigurations = (
				5B99E355259CB8F800C97C25 /* Debug */,
				5B99E356259CB8F800C97C25 /* Release */,
			);
			defaultConfigurationIsVisible = 0;
			defaultConfigurationName = Release;
		};
/* End XCConfigurationList section */
	};
	rootObject = 5B99E345259CB8F800C97C25 /* Project object */;
}
